
Microsoft Visual Studio Solution File, Format Version 12.00
# Visual Studio 14
VisualStudioVersion = 14.0.23107.0
MinimumVisualStudioVersion = 10.0.40219.1
Project("{9092AA53-FB77-4645-B42D-1CCCA6BD08BD}") = "WorkDays", "WorkDays\WorkDays.njsproj", "{D4FBD9BB-35F5-4335-BEA6-96B119B41A7F}"
EndProject
Global
	GlobalSection(SolutionConfigurationPlatforms) = preSolution
		Debug|Any CPU = Debug|Any CPU
		Release|Any CPU = Release|Any CPU
	EndGlobalSection
	GlobalSection(ProjectConfigurationPlatforms) = postSolution
		{D4FBD9BB-35F5-4335-BEA6-96B119B41A7F}.Debug|Any CPU.ActiveCfg = Debug|Any CPU
		{D4FBD9BB-35F5-4335-BEA6-96B119B41A7F}.Debug|Any CPU.Build.0 = Debug|Any CPU
		{D4FBD9BB-35F5-4335-BEA6-96B119B41A7F}.Release|Any CPU.ActiveCfg = Release|Any CPU
		{D4FBD9BB-35F5-4335-BEA6-96B119B41A7F}.Release|Any CPU.Build.0 = Release|Any CPU
	EndGlobalSection
	GlobalSection(SolutionProperties) = preSolution
		HideSolutionNode = FALSE
	EndGlobalSection
EndGlobal
